
Microsoft Visual Studio Solution File, Format Version 12.00
# Visual Studio Version 17
VisualStudioVersion = 17.9.34728.123
MinimumVisualStudioVersion = 10.0.40219.1
Project("{FAE04EC0-301F-11D3-BF4B-00C04F79EFBC}") = "5by5_Triangulo", "5by5_Triangulo\5by5_Triangulo.csproj", "{DC2B9399-F3AF-42BB-8798-109C376B5DB2}"
EndProject
Global
	GlobalSection(SolutionConfigurationPlatforms) = preSolution
		Debug|Any CPU = Debug|Any CPU
		Release|Any CPU = Release|Any CPU
	EndGlobalSection
	GlobalSection(ProjectConfigurationPlatforms) = postSolution
		{DC2B9399-F3AF-42BB-8798-109C376B5DB2}.Debug|Any CPU.ActiveCfg = Debug|Any CPU
		{DC2B9399-F3AF-42BB-8798-109C376B5DB2}.Debug|Any CPU.Build.0 = Debug|Any CPU
		{DC2B9399-F3AF-42BB-8798-109C376B5DB2}.Release|Any CPU.ActiveCfg = Release|Any CPU
		{DC2B9399-F3AF-42BB-8798-109C376B5DB2}.Release|Any CPU.Build.0 = Release|Any CPU
	EndGlobalSection
	GlobalSection(SolutionProperties) = preSolution
		HideSolutionNode = FALSE
	EndGlobalSection
	GlobalSection(ExtensibilityGlobals) = postSolution
		SolutionGuid = {45AF3BCA-BE3E-4323-98DC-612F437D0ED3}
	EndGlobalSection
EndGlobal
